// !$*UTF8*$!
{
	archiveVersion = 1;
	classes = {
	};
	objectVersion = 48;
	objects = {

/* Begin PBXBuildFile section */
		ED78C4871FDAEFC3003972F3 /* AppDelegate.swift in Sources */ = {isa = PBXBuildFile; fileRef = ED78C4861FDAEFC3003972F3 /* AppDelegate.swift */; };
		ED78C4891FDAEFC3003972F3 /* ViewController.swift in Sources */ = {isa = PBXBuildFile; fileRef = ED78C4881FDAEFC3003972F3 /* ViewController.swift */; };
		ED78C48C1FDAEFC3003972F3 /* Main.storyboard in Resources */ = {isa = PBXBuildFile; fileRef = ED78C48A1FDAEFC3003972F3 /* Main.storyboard */; };
		ED78C48E1FDAEFC3003972F3 /* Assets.xcassets in Resources */ = {isa = PBXBuildFile; fileRef = ED78C48D1FDAEFC3003972F3 /* Assets.xcassets */; };
		ED78C4911FDAEFC3003972F3 /* LaunchScreen.storyboard in Resources */ = {isa = PBXBuildFile; fileRef = ED78C48F1FDAEFC3003972F3 /* LaunchScreen.storyboard */; };
		ED78C49C1FDAEFC3003972F3 /* BeaconProximityTests.swift in Sources */ = {isa = PBXBuildFile; fileRef = ED78C49B1FDAEFC3003972F3 /* BeaconProximityTests.swift */; };
/* End PBXBuildFile section */

/* Begin PBXContainerItemProxy section */
		ED78C4981FDAEFC3003972F3 /* PBXContainerItemProxy */ = {
			isa = PBXContainerItemProxy;
			containerPortal = ED78C47B1FDAEFC2003972F3 /* Project object */;
			proxyType = 1;
			remoteGlobalIDString = ED78C4821FDAEFC2003972F3;
			remoteInfo = BeaconProximity;
		};
/* End PBXContainerItemProxy section */

/* Begin PBXFileReference section */
		ED78C4831FDAEFC3003972F3 /* BeaconProximity.app */ = {isa = PBXFileReference; explicitFileType = wrapper.application; includeInIndex = 0; path = BeaconProximity.app; sourceTree = BUILT_PRODUCTS_DIR; };
		ED78C4861FDAEFC3003972F3 /* AppDelegate.swift */ = {isa = PBXFileReference; lastKnownFileType = sourcecode.swift; path = AppDelegate.swift; sourceTree = "<group>"; };
		ED78C4881FDAEFC3003972F3 /* ViewController.swift */ = {isa = PBXFileReference; lastKnownFileType = sourcecode.swift; path = ViewController.swift; sourceTree = "<group>"; };
		ED78C48B1FDAEFC3003972F3 /* Base */ = {isa = PBXFileReference; lastKnownFileType = file.storyboard; name = Base; path = Base.lproj/Main.storyboard; sourceTree = "<group>"; };
		ED78C48D1FDAEFC3003972F3 /* Assets.xcassets */ = {isa = PBXFileReference; lastKnownFileType = folder.assetcatalog; path = Assets.xcassets; sourceTree = "<group>"; };
		ED78C4901FDAEFC3003972F3 /* Base */ = {isa = PBXFileReference; lastKnownFileType = file.storyboard; name = Base; path = Base.lproj/LaunchScreen.storyboard; sourceTree = "<group>"; };
		ED78C4921FDAEFC3003972F3 /* Info.plist */ = {isa = PBXFileReference; lastKnownFileType = text.plist.xml; path = Info.plist; sourceTree = "<group>"; };
		ED78C4971FDAEFC3003972F3 /* BeaconProximityTests.xctest */ = {isa = PBXFileReference; explicitFileType = wrapper.cfbundle; includeInIndex = 0; path = BeaconProximityTests.xctest; sourceTree = BUILT_PRODUCTS_DIR; };
		ED78C49B1FDAEFC3003972F3 /* BeaconProximityTests.swift */ = {isa = PBXFileReference; lastKnownFileType = sourcecode.swift; path = BeaconProximityTests.swift; sourceTree = "<group>"; };
		ED78C49D1FDAEFC3003972F3 /* Info.plist */ = {isa = PBXFileReference; lastKnownFileType = text.plist.xml; path = Info.plist; sourceTree = "<group>"; };
/* End PBXFileReference section */

/* Begin PBXFrameworksBuildPhase section */
		ED78C4801FDAEFC2003972F3 /* Frameworks */ = {
			isa = PBXFrameworksBuildPhase;
			buildActionMask = 2147483647;
			files = (
			);
			runOnlyForDeploymentPostprocessing = 0;
		};
		ED78C4941FDAEFC3003972F3 /* Frameworks */ = {
			isa = PBXFrameworksBuildPhase;
			buildActionMask = 2147483647;
			files = (
			);
			runOnlyForDeploymentPostprocessing = 0;
		};
/* End PBXFrameworksBuildPhase section */

/* Begin PBXGroup section */
		ED78C47A1FDAEFC2003972F3 = {
			isa = PBXGroup;
			children = (
				ED78C4851FDAEFC3003972F3 /* BeaconProximity */,
				ED78C49A1FDAEFC3003972F3 /* BeaconProximityTests */,
				ED78C4841FDAEFC3003972F3 /* Products */,
			);
			sourceTree = "<group>";
		};
		ED78C4841FDAEFC3003972F3 /* Products */ = {
			isa = PBXGroup;
			children = (
				ED78C4831FDAEFC3003972F3 /* BeaconProximity.app */,
				ED78C4971FDAEFC3003972F3 /* BeaconProximityTests.xctest */,
			);
			name = Products;
			sourceTree = "<group>";
		};
		ED78C4851FDAEFC3003972F3 /* BeaconProximity */ = {
			isa = PBXGroup;
			children = (
				ED78C4861FDAEFC3003972F3 /* AppDelegate.swift */,
				ED78C4881FDAEFC3003972F3 /* ViewController.swift */,
				ED78C48A1FDAEFC3003972F3 /* Main.storyboard */,
				ED78C48D1FDAEFC3003972F3 /* Assets.xcassets */,
				ED78C48F1FDAEFC3003972F3 /* LaunchScreen.storyboard */,
				ED78C4921FDAEFC3003972F3 /* Info.plist */,
			);
			path = BeaconProximity;
			sourceTree = "<group>";
		};
		ED78C49A1FDAEFC3003972F3 /* BeaconProximityTests */ = {
			isa = PBXGroup;
			children = (
				ED78C49B1FDAEFC3003972F3 /* BeaconProximityTests.swift */,
				ED78C49D1FDAEFC3003972F3 /* Info.plist */,
			);
			path = BeaconProximityTests;
			sourceTree = "<group>";
		};
/* End PBXGroup section */

/* Begin PBXNativeTarget section */
		ED78C4821FDAEFC2003972F3 /* BeaconProximity */ = {
			isa = PBXNativeTarget;
			buildConfigurationList = ED78C4A01FDAEFC3003972F3 /* Build configuration list for PBXNativeTarget "BeaconProximity" */;
			buildPhases = (
				ED78C47F1FDAEFC2003972F3 /* Sources */,
				ED78C4801FDAEFC2003972F3 /* Frameworks */,
				ED78C4811FDAEFC2003972F3 /* Resources */,
			);
			buildRules = (
			);
			dependencies = (
			);
			name = BeaconProximity;
			productName = BeaconProximity;
			productReference = ED78C4831FDAEFC3003972F3 /* BeaconProximity.app */;
			productType = "com.apple.product-type.application";
		};
		ED78C4961FDAEFC3003972F3 /* BeaconProximityTests */ = {
			isa = PBXNativeTarget;
			buildConfigurationList = ED78C4A31FDAEFC3003972F3 /* Build configuration list for PBXNativeTarget "BeaconProximityTests" */;
			buildPhases = (
				ED78C4931FDAEFC3003972F3 /* Sources */,
				ED78C4941FDAEFC3003972F3 /* Frameworks */,
				ED78C4951FDAEFC3003972F3 /* Resources */,
			);
			buildRules = (
			);
			dependencies = (
				ED78C4991FDAEFC3003972F3 /* PBXTargetDependency */,
			);
			name = BeaconProximityTests;
			productName = BeaconProximityTests;
			productReference = ED78C4971FDAEFC3003972F3 /* BeaconProximityTests.xctest */;
			productType = "com.apple.product-type.bundle.unit-test";
		};
/* End PBXNativeTarget section */

/* Begin PBXProject section */
		ED78C47B1FDAEFC2003972F3 /* Project object */ = {
			isa = PBXProject;
			attributes = {
				LastSwiftUpdateCheck = 0910;
				LastUpgradeCheck = 0910;
				ORGANIZATIONNAME = "Cole Gleason";
				TargetAttributes = {
					ED78C4821FDAEFC2003972F3 = {
						CreatedOnToolsVersion = 9.1;
						ProvisioningStyle = Automatic;
					};
					ED78C4961FDAEFC3003972F3 = {
						CreatedOnToolsVersion = 9.1;
						ProvisioningStyle = Automatic;
						TestTargetID = ED78C4821FDAEFC2003972F3;
					};
				};
			};
			buildConfigurationList = ED78C47E1FDAEFC2003972F3 /* Build configuration list for PBXProject "BeaconProximity" */;
			compatibilityVersion = "Xcode 8.0";
			developmentRegion = en;
			hasScannedForEncodings = 0;
			knownRegions = (
				en,
				Base,
			);
			mainGroup = ED78C47A1FDAEFC2003972F3;
			productRefGroup = ED78C4841FDAEFC3003972F3 /* Products */;
			projectDirPath = "";
			projectRoot = "";
			targets = (
				ED78C4821FDAEFC2003972F3 /* BeaconProximity */,
				ED78C4961FDAEFC3003972F3 /* BeaconProximityTests */,
			);
		};
/* End PBXProject section */

/* Begin PBXResourcesBuildPhase section */
		ED78C4811FDAEFC2003972F3 /* Resources */ = {
			isa = PBXResourcesBuildPhase;
			buildActionMask = 2147483647;
			files = (
				ED78C4911FDAEFC3003972F3 /* LaunchScreen.storyboard in Resources */,
				ED78C48E1FDAEFC3003972F3 /* Assets.xcassets in Resources */,
				ED78C48C1FDAEFC3003972F3 /* Main.storyboard in Resources */,
			);
			runOnlyForDeploymentPostprocessing = 0;
		};
		ED78C4951FDAEFC3003972F3 /* Resources */ = {
			isa = PBXResourcesBuildPhase;
			buildActionMask = 2147483647;
			files = (
			);
			runOnlyForDeploymentPostprocessing = 0;
		};
/* End PBXResourcesBuildPhase section */

/* Begin PBXSourcesBuildPhase section */
		ED78C47F1FDAEFC2003972F3 /* Sources */ = {
			isa = PBXSourcesBuildPhase;
			buildActionMask = 2147483647;
			files = (
				ED78C4891FDAEFC3003972F3 /* ViewController.swift in Sources */,
				ED78C4871FDAEFC3003972F3 /* AppDelegate.swift in Sources */,
			);
			runOnlyForDeploymentPostprocessing = 0;
		};
		ED78C4931FDAEFC3003972F3 /* Sources */ = {
			isa = PBXSourcesBuildPhase;
			buildActionMask = 2147483647;
			files = (
				ED78C49C1FDAEFC3003972F3 /* BeaconProximityTests.swift in Sources */,
			);
			runOnlyForDeploymentPostprocessing = 0;
		};
/* End PBXSourcesBuildPhase section */

/* Begin PBXTargetDependency section */
		ED78C4991FDAEFC3003972F3 /* PBXTargetDependency */ = {
			isa = PBXTargetDependency;
			target = ED78C4821FDAEFC2003972F3 /* BeaconProximity */;
			targetProxy = ED78C4981FDAEFC3003972F3 /* PBXContainerItemProxy */;
		};
/* End PBXTargetDependency section */

/* Begin PBXVariantGroup section */
		ED78C48A1FDAEFC3003972F3 /* Main.storyboard */ = {
			isa = PBXVariantGroup;
			children = (
				ED78C48B1FDAEFC3003972F3 /* Base */,
			);
			name = Main.storyboard;
			sourceTree = "<group>";
		};
		ED78C48F1FDAEFC3003972F3 /* LaunchScreen.storyboard */ = {
			isa = PBXVariantGroup;
			children = (
				ED78C4901FDAEFC3003972F3 /* Base */,
			);
			name = LaunchScreen.storyboard;
			sourceTree = "<group>";
		};
/* End PBXVariantGroup section */

/* Begin XCBuildConfiguration section */
		ED78C49E1FDAEFC3003972F3 /* Debug */ = {
			isa = XCBuildConfiguration;
			buildSettings = {
				ALWAYS_SEARCH_USER_PATHS = NO;
				CLANG_ANALYZER_NONNULL = YES;
				CLANG_ANALYZER_NUMBER_OBJECT_CONVERSION = YES_AGGRESSIVE;
				CLANG_CXX_LANGUAGE_STANDARD = "gnu++14";
				CLANG_CXX_LIBRARY = "libc++";
				CLANG_ENABLE_MODULES = YES;
				CLANG_ENABLE_OBJC_ARC = YES;
				CLANG_WARN_BLOCK_CAPTURE_AUTORELEASING = YES;
				CLANG_WARN_BOOL_CONVERSION = YES;
				CLANG_WARN_COMMA = YES;
				CLANG_WARN_CONSTANT_CONVERSION = YES;
				CLANG_WARN_DIRECT_OBJC_ISA_USAGE = YES_ERROR;
				CLANG_WARN_DOCUMENTATION_COMMENTS = YES;
				CLANG_WARN_EMPTY_BODY = YES;
				CLANG_WARN_ENUM_CONVERSION = YES;
				CLANG_WARN_INFINITE_RECURSION = YES;
				CLANG_WARN_INT_CONVERSION = YES;
				CLANG_WARN_NON_LITERAL_NULL_CONVERSION = YES;
				CLANG_WARN_OBJC_LITERAL_CONVERSION = YES;
				CLANG_WARN_OBJC_ROOT_CLASS = YES_ERROR;
				CLANG_WARN_RANGE_LOOP_ANALYSIS = YES;
				CLANG_WARN_STRICT_PROTOTYPES = YES;
				CLANG_WARN_SUSPICIOUS_MOVE = YES;
				CLANG_WARN_UNGUARDED_AVAILABILITY = YES_AGGRESSIVE;
				CLANG_WARN_UNREACHABLE_CODE = YES;
				CLANG_WARN__DUPLICATE_METHOD_MATCH = YES;
				CODE_SIGN_IDENTITY = "iPhone Developer";
				COPY_PHASE_STRIP = NO;
				DEBUG_INFORMATION_FORMAT = dwarf;
				ENABLE_STRICT_OBJC_MSGSEND = YES;
				ENABLE_TESTABILITY = YES;
				GCC_C_LANGUAGE_STANDARD = gnu11;
				GCC_DYNAMIC_NO_PIC = NO;
				GCC_NO_COMMON_BLOCKS = YES;
				GCC_OPTIMIZATION_LEVEL = 0;
				GCC_PREPROCESSOR_DEFINITIONS = (
					"DEBUG=1",
					"$(inherited)",
				);
				GCC_WARN_64_TO_32_BIT_CONVERSION = YES;
				GCC_WARN_ABOUT_RETURN_TYPE = YES_ERROR;
				GCC_WARN_UNDECLARED_SELECTOR = YES;
				GCC_WARN_UNINITIALIZED_AUTOS = YES_AGGRESSIVE;
				GCC_WARN_UNUSED_FUNCTION = YES;
				GCC_WARN_UNUSED_VARIABLE = YES;
				IPHONEOS_DEPLOYMENT_TARGET = 11.1;
				MTL_ENABLE_DEBUG_INFO = YES;
				ONLY_ACTIVE_ARCH = YES;
				SDKROOT = iphoneos;
				SWIFT_ACTIVE_COMPILATION_CONDITIONS = DEBUG;
				SWIFT_OPTIMIZATION_LEVEL = "-Onone";
			};
			name = Debug;
		};
		ED78C49F1FDAEFC3003972F3 /* Release */ = {
			isa = XCBuildConfiguration;
			buildSettings = {
				ALWAYS_SEARCH_USER_PATHS = NO;
				CLANG_ANALYZER_NONNULL = YES;
				CLANG_ANALYZER_NUMBER_OBJECT_CONVERSION = YES_AGGRESSIVE;
				CLANG_CXX_LANGUAGE_STANDARD = "gnu++14";
				CLANG_CXX_LIBRARY = "libc++";
				CLANG_ENABLE_MODULES = YES;
				CLANG_ENABLE_OBJC_ARC = YES;
				CLANG_WARN_BLOCK_CAPTURE_AUTORELEASING = YES;
				CLANG_WARN_BOOL_CONVERSION = YES;
				CLANG_WARN_COMMA = YES;
				CLANG_WARN_CONSTANT_CONVERSION = YES;
				CLANG_WARN_DIRECT_OBJC_ISA_USAGE = YES_ERROR;
				CLANG_WARN_DOCUMENTATION_COMMENTS = YES;
				CLANG_WARN_EMPTY_BODY = YES;
				CLANG_WARN_ENUM_CONVERSION = YES;
				CLANG_WARN_INFINITE_RECURSION = YES;
				CLANG_WARN_INT_CONVERSION = YES;
				CLANG_WARN_NON_LITERAL_NULL_CONVERSION = YES;
				CLANG_WARN_OBJC_LITERAL_CONVERSION = YES;
				CLANG_WARN_OBJC_ROOT_CLASS = YES_ERROR;
				CLANG_WARN_RANGE_LOOP_ANALYSIS = YES;
				CLANG_WARN_STRICT_PROTOTYPES = YES;
				CLANG_WARN_SUSPICIOUS_MOVE = YES;
				CLANG_WARN_UNGUARDED_AVAILABILITY = YES_AGGRESSIVE;
				CLANG_WARN_UNREACHABLE_CODE = YES;
				CLANG_WARN__DUPLICATE_METHOD_MATCH = YES;
				CODE_SIGN_IDENTITY = "iPhone Developer";
				COPY_PHASE_STRIP = NO;
				DEBUG_INFORMATION_FORMAT = "dwarf-with-dsym";
				ENABLE_NS_ASSERTIONS = NO;
				ENABLE_STRICT_OBJC_MSGSEND = YES;
				GCC_C_LANGUAGE_STANDARD = gnu11;
				GCC_NO_COMMON_BLOCKS = YES;
				GCC_WARN_64_TO_32_BIT_CONVERSION = YES;
				GCC_WARN_ABOUT_RETURN_TYPE = YES_ERROR;
				GCC_WARN_UNDECLARED_SELECTOR = YES;
				GCC_WARN_UNINITIALIZED_AUTOS = YES_AGGRESSIVE;
				GCC_WARN_UNUSED_FUNCTION = YES;
				GCC_WARN_UNUSED_VARIABLE = YES;
				IPHONEOS_DEPLOYMENT_TARGET = 11.1;
				MTL_ENABLE_DEBUG_INFO = NO;
				SDKROOT = iphoneos;
				SWIFT_OPTIMIZATION_LEVEL = "-Owholemodule";
				VALIDATE_PRODUCT = YES;
			};
			name = Release;
		};
		ED78C4A11FDAEFC3003972F3 /* Debug */ = {
			isa = XCBuildConfiguration;
			buildSettings = {
				ASSETCATALOG_COMPILER_APPICON_NAME = AppIcon;
				CODE_SIGN_STYLE = Automatic;
				DEVELOPMENT_TEAM = B98QB5W4Z4;
				INFOPLIST_FILE = BeaconProximity/Info.plist;
				LD_RUNPATH_SEARCH_PATHS = "$(inherited) @executable_path/Frameworks";
				PRODUCT_BUNDLE_IDENTIFIER = com.cmu.BeaconProximity;
				PRODUCT_NAME = "$(TARGET_NAME)";
				SWIFT_VERSION = 4.0;
				TARGETED_DEVICE_FAMILY = "1,2";
			};
			name = Debug;
		};
		ED78C4A21FDAEFC3003972F3 /* Release */ = {
			isa = XCBuildConfiguration;
			buildSettings = {
				ASSETCATALOG_COMPILER_APPICON_NAME = AppIcon;
				CODE_SIGN_STYLE = Automatic;
				DEVELOPMENT_TEAM = B98QB5W4Z4;
				INFOPLIST_FILE = BeaconProximity/Info.plist;
				LD_RUNPATH_SEARCH_PATHS = "$(inherited) @executable_path/Frameworks";
				PRODUCT_BUNDLE_IDENTIFIER = com.cmu.BeaconProximity;
				PRODUCT_NAME = "$(TARGET_NAME)";
				SWIFT_VERSION = 4.0;
				TARGETED_DEVICE_FAMILY = "1,2";
			};
			name = Release;
		};
		ED78C4A41FDAEFC3003972F3 /* Debug */ = {
			isa = XCBuildConfiguration;
			buildSettings = {
				ALWAYS_EMBED_SWIFT_STANDARD_LIBRARIES = YES;
				BUNDLE_LOADER = "$(TEST_HOST)";
				CODE_SIGN_STYLE = Automatic;
				DEVELOPMENT_TEAM = B98QB5W4Z4;
				INFOPLIST_FILE = BeaconProximityTests/Info.plist;
				LD_RUNPATH_SEARCH_PATHS = "$(inherited) @executable_path/Frameworks @loader_path/Frameworks";
				PRODUCT_BUNDLE_IDENTIFIER = com.cmu.BeaconProximityTests;
				PRODUCT_NAME = "$(TARGET_NAME)";
				SWIFT_VERSION = 4.0;
				TARGETED_DEVICE_FAMILY = "1,2";
				TEST_HOST = "$(BUILT_PRODUCTS_DIR)/BeaconProximity.app/BeaconProximity";
			};
			name = Debug;
		};
		ED78C4A51FDAEFC3003972F3 /* Release */ = {
			isa = XCBuildConfiguration;
			buildSettings = {
				ALWAYS_EMBED_SWIFT_STANDARD_LIBRARIES = YES;
				BUNDLE_LOADER = "$(TEST_HOST)";
				CODE_SIGN_STYLE = Automatic;
				DEVELOPMENT_TEAM = B98QB5W4Z4;
				INFOPLIST_FILE = BeaconProximityTests/Info.plist;
				LD_RUNPATH_SEARCH_PATHS = "$(inherited) @executable_path/Frameworks @loader_path/Frameworks";
				PRODUCT_BUNDLE_IDENTIFIER = com.cmu.BeaconProximityTests;
				PRODUCT_NAME = "$(TARGET_NAME)";
				SWIFT_VERSION = 4.0;
				TARGETED_DEVICE_FAMILY = "1,2";
				TEST_HOST = "$(BUILT_PRODUCTS_DIR)/BeaconProximity.app/BeaconProximity";
			};
			name = Release;
		};
/* End XCBuildConfiguration section */

/* Begin XCConfigurationList section */
		ED78C47E1FDAEFC2003972F3 /* Build configuration list for PBXProject "BeaconProximity" */ = {
			isa = XCConfigurationList;
			buildConfigurations = (
				ED78C49E1FDAEFC3003972F3 /* Debug */,
				ED78C49F1FDAEFC3003972F3 /* Release */,
			);
			defaultConfigurationIsVisible = 0;
			defaultConfigurationName = Release;
		};
		ED78C4A01FDAEFC3003972F3 /* Build configuration list for PBXNativeTarget "BeaconProximity" */ = {
			isa = XCConfigurationList;
			buildConfigurations = (
				ED78C4A11FDAEFC3003972F3 /* Debug */,
				ED78C4A21FDAEFC3003972F3 /* Release */,
			);
			defaultConfigurationIsVisible = 0;
			defaultConfigurationName = Release;
		};
		ED78C4A31FDAEFC3003972F3 /* Build configuration list for PBXNativeTarget "BeaconProximityTests" */ = {
			isa = XCConfigurationList;
			buildConfigurations = (
				ED78C4A41FDAEFC3003972F3 /* Debug */,
				ED78C4A51FDAEFC3003972F3 /* Release */,
			);
			defaultConfigurationIsVisible = 0;
			defaultConfigurationName = Release;
		};
/* End XCConfigurationList section */
	};
	rootObject = ED78C47B1FDAEFC2003972F3 /* Project object */;
}
